// !$*UTF8*$!
{
	archiveVersion = 1;
	classes = {
	};
	objectVersion = 46;
	objects = {

/* Begin PBXBuildFile section */
		8812E2291BE5064D00F9F2DA /* TickersController.swift in Sources */ = {isa = PBXBuildFile; fileRef = 8812E2281BE5064D00F9F2DA /* TickersController.swift */; };
		8812E22B1BE506F800F9F2DA /* TickerCell.swift in Sources */ = {isa = PBXBuildFile; fileRef = 8812E22A1BE506F800F9F2DA /* TickerCell.swift */; };
		885C748A1BC9648F009E670E /* AppDelegate.swift in Sources */ = {isa = PBXBuildFile; fileRef = 885C74891BC9648F009E670E /* AppDelegate.swift */; };
		885C748C1BC9648F009E670E /* ViewController.swift in Sources */ = {isa = PBXBuildFile; fileRef = 885C748B1BC9648F009E670E /* ViewController.swift */; };
		885C748F1BC9648F009E670E /* Main.storyboard in Resources */ = {isa = PBXBuildFile; fileRef = 885C748D1BC9648F009E670E /* Main.storyboard */; };
		885C74911BC9648F009E670E /* Assets.xcassets in Resources */ = {isa = PBXBuildFile; fileRef = 885C74901BC9648F009E670E /* Assets.xcassets */; };
		885C74991BC9727C009E670E /* StockCell.swift in Sources */ = {isa = PBXBuildFile; fileRef = 885C74981BC9727C009E670E /* StockCell.swift */; };
		8860DE451BDD9A1400D44A97 /* redTri3.png in Resources */ = {isa = PBXBuildFile; fileRef = 8860DE441BDD9A1400D44A97 /* redTri3.png */; };
		887EB1801BE67ADF009AFFE0 /* chartBG.png in Resources */ = {isa = PBXBuildFile; fileRef = 887EB17F1BE67ADF009AFFE0 /* chartBG.png */; };
		88A48F6A1BDD602900375EC4 /* greenTri2.png in Resources */ = {isa = PBXBuildFile; fileRef = 88A48F681BDD602900375EC4 /* greenTri2.png */; };
		88A48F6C1BDD78CB00375EC4 /* Card3.png in Resources */ = {isa = PBXBuildFile; fileRef = 88A48F6B1BDD78CB00375EC4 /* Card3.png */; };
		88C89A6B1BE4476B00253D82 /* CardBG4.png in Resources */ = {isa = PBXBuildFile; fileRef = 88C89A6A1BE4476B00253D82 /* CardBG4.png */; };
		88D4B3891BE6C48500D8C796 /* DetailBG2.png in Resources */ = {isa = PBXBuildFile; fileRef = 88D4B3881BE6C48500D8C796 /* DetailBG2.png */; };
		88EA27231BE3090D006AFC08 /* StockFeedCell.swift in Sources */ = {isa = PBXBuildFile; fileRef = 88EA27221BE3090D006AFC08 /* StockFeedCell.swift */; };
		88EA27251BE30A47006AFC08 /* StockDetailController.swift in Sources */ = {isa = PBXBuildFile; fileRef = 88EA27241BE30A47006AFC08 /* StockDetailController.swift */; };
/* End PBXBuildFile section */

/* Begin PBXFileReference section */
		8812E2281BE5064D00F9F2DA /* TickersController.swift */ = {isa = PBXFileReference; fileEncoding = 4; lastKnownFileType = sourcecode.swift; path = TickersController.swift; sourceTree = "<group>"; };
		8812E22A1BE506F800F9F2DA /* TickerCell.swift */ = {isa = PBXFileReference; fileEncoding = 4; lastKnownFileType = sourcecode.swift; path = TickerCell.swift; sourceTree = "<group>"; };
		885C74861BC9648F009E670E /* LiveStocks.temp_caseinsensitive_rename.app */ = {isa = PBXFileReference; explicitFileType = wrapper.application; includeInIndex = 0; path = LiveStocks.temp_caseinsensitive_rename.app; sourceTree = BUILT_PRODUCTS_DIR; };
		885C74891BC9648F009E670E /* AppDelegate.swift */ = {isa = PBXFileReference; lastKnownFileType = sourcecode.swift; path = AppDelegate.swift; sourceTree = "<group>"; };
		885C748B1BC9648F009E670E /* ViewController.swift */ = {isa = PBXFileReference; lastKnownFileType = sourcecode.swift; path = ViewController.swift; sourceTree = "<group>"; };
		885C748E1BC9648F009E670E /* Base */ = {isa = PBXFileReference; lastKnownFileType = file.storyboard; name = Base; path = Base.lproj/Main.storyboard; sourceTree = "<group>"; };
		885C74901BC9648F009E670E /* Assets.xcassets */ = {isa = PBXFileReference; lastKnownFileType = folder.assetcatalog; path = Assets.xcassets; sourceTree = "<group>"; };
		885C74921BC9648F009E670E /* Info.plist */ = {isa = PBXFileReference; lastKnownFileType = text.plist.xml; path = Info.plist; sourceTree = "<group>"; };
		885C74981BC9727C009E670E /* StockCell.swift */ = {isa = PBXFileReference; fileEncoding = 4; lastKnownFileType = sourcecode.swift; path = StockCell.swift; sourceTree = "<group>"; };
		8860DE441BDD9A1400D44A97 /* redTri3.png */ = {isa = PBXFileReference; lastKnownFileType = image.png; path = redTri3.png; sourceTree = "<group>"; };
		887EB17F1BE67ADF009AFFE0 /* chartBG.png */ = {isa = PBXFileReference; lastKnownFileType = image.png; path = chartBG.png; sourceTree = "<group>"; };
		88A48F681BDD602900375EC4 /* greenTri2.png */ = {isa = PBXFileReference; lastKnownFileType = image.png; path = greenTri2.png; sourceTree = "<group>"; };
		88A48F6B1BDD78CB00375EC4 /* Card3.png */ = {isa = PBXFileReference; lastKnownFileType = image.png; path = Card3.png; sourceTree = "<group>"; };
		88C89A6A1BE4476B00253D82 /* CardBG4.png */ = {isa = PBXFileReference; lastKnownFileType = image.png; path = CardBG4.png; sourceTree = "<group>"; };
		88D4B3881BE6C48500D8C796 /* DetailBG2.png */ = {isa = PBXFileReference; lastKnownFileType = image.png; path = DetailBG2.png; sourceTree = "<group>"; };
		88EA27221BE3090D006AFC08 /* StockFeedCell.swift */ = {isa = PBXFileReference; fileEncoding = 4; lastKnownFileType = sourcecode.swift; path = StockFeedCell.swift; sourceTree = "<group>"; };
		88EA27241BE30A47006AFC08 /* StockDetailController.swift */ = {isa = PBXFileReference; fileEncoding = 4; lastKnownFileType = sourcecode.swift; path = StockDetailController.swift; sourceTree = "<group>"; };
/* End PBXFileReference section */

/* Begin PBXFrameworksBuildPhase section */
		885C74831BC9648F009E670E /* Frameworks */ = {
			isa = PBXFrameworksBuildPhase;
			buildActionMask = 2147483647;
			files = (
			);
			runOnlyForDeploymentPostprocessing = 0;
		};
/* End PBXFrameworksBuildPhase section */

/* Begin PBXGroup section */
		885C747D1BC9648F009E670E = {
			isa = PBXGroup;
			children = (
				885C74881BC9648F009E670E /* LiveStocks */,
				885C74871BC9648F009E670E /* Products */,
			);
			sourceTree = "<group>";
		};
		885C74871BC9648F009E670E /* Products */ = {
			isa = PBXGroup;
			children = (
				885C74861BC9648F009E670E /* LiveStocks.temp_caseinsensitive_rename.app */,
			);
			name = Products;
			sourceTree = "<group>";
		};
		885C74881BC9648F009E670E /* LiveStocks */ = {
			isa = PBXGroup;
			children = (
				885C748B1BC9648F009E670E /* ViewController.swift */,
				88EA27241BE30A47006AFC08 /* StockDetailController.swift */,
				8812E2281BE5064D00F9F2DA /* TickersController.swift */,
				88A48F6B1BDD78CB00375EC4 /* Card3.png */,
				887EB17F1BE67ADF009AFFE0 /* chartBG.png */,
				88C89A6A1BE4476B00253D82 /* CardBG4.png */,
				88D4B3881BE6C48500D8C796 /* DetailBG2.png */,
				8860DE441BDD9A1400D44A97 /* redTri3.png */,
				88A48F681BDD602900375EC4 /* greenTri2.png */,
				885C748D1BC9648F009E670E /* Main.storyboard */,
				88EA27221BE3090D006AFC08 /* StockFeedCell.swift */,
				8812E22A1BE506F800F9F2DA /* TickerCell.swift */,
				885C74981BC9727C009E670E /* StockCell.swift */,
				885C74891BC9648F009E670E /* AppDelegate.swift */,
				885C74901BC9648F009E670E /* Assets.xcassets */,
				885C74921BC9648F009E670E /* Info.plist */,
			);
			name = LiveStocks;
			path = testTVOS;
			sourceTree = "<group>";
		};
/* End PBXGroup section */

/* Begin PBXNativeTarget section */
		885C74851BC9648F009E670E /* LiveStocks */ = {
			isa = PBXNativeTarget;
			buildConfigurationList = 885C74951BC9648F009E670E /* Build configuration list for PBXNativeTarget "LiveStocks" */;
			buildPhases = (
				885C74821BC9648F009E670E /* Sources */,
				885C74831BC9648F009E670E /* Frameworks */,
				885C74841BC9648F009E670E /* Resources */,
			);
			buildRules = (
			);
			dependencies = (
			);
			name = LiveStocks;
			productName = testTVOS;
			productReference = 885C74861BC9648F009E670E /* LiveStocks.temp_caseinsensitive_rename.app */;
			productType = "com.apple.product-type.application";
		};
/* End PBXNativeTarget section */

/* Begin PBXProject section */
		885C747E1BC9648F009E670E /* Project object */ = {
			isa = PBXProject;
			attributes = {
				LastSwiftUpdateCheck = 0710;
				LastUpgradeCheck = 0710;
				ORGANIZATIONNAME = "Stephen Casella";
				TargetAttributes = {
					885C74851BC9648F009E670E = {
						CreatedOnToolsVersion = 7.1;
						DevelopmentTeam = 9ZJC9RDWN7;
						SystemCapabilities = {
							com.apple.ApplicationGroups.iOS = {
								enabled = 0;
							};
							com.apple.iCloud = {
								enabled = 0;
							};
						};
					};
				};
			};
			buildConfigurationList = 885C74811BC9648F009E670E /* Build configuration list for PBXProject "LiveStocks" */;
			compatibilityVersion = "Xcode 3.2";
			developmentRegion = English;
			hasScannedForEncodings = 0;
			knownRegions = (
				en,
				Base,
			);
			mainGroup = 885C747D1BC9648F009E670E;
			productRefGroup = 885C74871BC9648F009E670E /* Products */;
			projectDirPath = "";
			projectRoot = "";
			targets = (
				885C74851BC9648F009E670E /* LiveStocks */,
			);
		};
/* End PBXProject section */

/* Begin PBXResourcesBuildPhase section */
		885C74841BC9648F009E670E /* Resources */ = {
			isa = PBXResourcesBuildPhase;
			buildActionMask = 2147483647;
			files = (
				887EB1801BE67ADF009AFFE0 /* chartBG.png in Resources */,
				885C74911BC9648F009E670E /* Assets.xcassets in Resources */,
				8860DE451BDD9A1400D44A97 /* redTri3.png in Resources */,
				88A48F6A1BDD602900375EC4 /* greenTri2.png in Resources */,
				88C89A6B1BE4476B00253D82 /* CardBG4.png in Resources */,
				88A48F6C1BDD78CB00375EC4 /* Card3.png in Resources */,
				88D4B3891BE6C48500D8C796 /* DetailBG2.png in Resources */,
				885C748F1BC9648F009E670E /* Main.storyboard in Resources */,
			);
			runOnlyForDeploymentPostprocessing = 0;
		};
/* End PBXResourcesBuildPhase section */

/* Begin PBXSourcesBuildPhase section */
		885C74821BC9648F009E670E /* Sources */ = {
			isa = PBXSourcesBuildPhase;
			buildActionMask = 2147483647;
			files = (
				885C748C1BC9648F009E670E /* ViewController.swift in Sources */,
				88EA27251BE30A47006AFC08 /* StockDetailController.swift in Sources */,
				88EA27231BE3090D006AFC08 /* StockFeedCell.swift in Sources */,
				885C748A1BC9648F009E670E /* AppDelegate.swift in Sources */,
				8812E22B1BE506F800F9F2DA /* TickerCell.swift in Sources */,
				885C74991BC9727C009E670E /* StockCell.swift in Sources */,
				8812E2291BE5064D00F9F2DA /* TickersController.swift in Sources */,
			);
			runOnlyForDeploymentPostprocessing = 0;
		};
/* End PBXSourcesBuildPhase section */

/* Begin PBXVariantGroup section */
		885C748D1BC9648F009E670E /* Main.storyboard */ = {
			isa = PBXVariantGroup;
			children = (
				885C748E1BC9648F009E670E /* Base */,
			);
			name = Main.storyboard;
			sourceTree = "<group>";
		};
/* End PBXVariantGroup section */

/* Begin XCBuildConfiguration section */
		885C74931BC9648F009E670E /* Debug */ = {
			isa = XCBuildConfiguration;
			buildSettings = {
				ALWAYS_SEARCH_USER_PATHS = NO;
				CLANG_CXX_LANGUAGE_STANDARD = "gnu++0x";
				CLANG_CXX_LIBRARY = "libc++";
				CLANG_ENABLE_MODULES = YES;
				CLANG_ENABLE_OBJC_ARC = YES;
				CLANG_WARN_BOOL_CONVERSION = YES;
				CLANG_WARN_CONSTANT_CONVERSION = YES;
				CLANG_WARN_DIRECT_OBJC_ISA_USAGE = YES_ERROR;
				CLANG_WARN_EMPTY_BODY = YES;
				CLANG_WARN_ENUM_CONVERSION = YES;
				CLANG_WARN_INT_CONVERSION = YES;
				CLANG_WARN_OBJC_ROOT_CLASS = YES_ERROR;
				CLANG_WARN_UNREACHABLE_CODE = YES;
				CLANG_WARN__DUPLICATE_METHOD_MATCH = YES;
				COPY_PHASE_STRIP = NO;
				DEBUG_INFORMATION_FORMAT = dwarf;
				ENABLE_STRICT_OBJC_MSGSEND = YES;
				ENABLE_TESTABILITY = YES;
				GCC_C_LANGUAGE_STANDARD = gnu99;
				GCC_DYNAMIC_NO_PIC = NO;
				GCC_NO_COMMON_BLOCKS = YES;
				GCC_OPTIMIZATION_LEVEL = 0;
				GCC_PREPROCESSOR_DEFINITIONS = (
					"DEBUG=1",
					"$(inherited)",
				);
				GCC_WARN_64_TO_32_BIT_CONVERSION = YES;
				GCC_WARN_ABOUT_RETURN_TYPE = YES_ERROR;
				GCC_WARN_UNDECLARED_SELECTOR = YES;
				GCC_WARN_UNINITIALIZED_AUTOS = YES_AGGRESSIVE;
				GCC_WARN_UNUSED_FUNCTION = YES;
				GCC_WARN_UNUSED_VARIABLE = YES;
				MTL_ENABLE_DEBUG_INFO = YES;
				ONLY_ACTIVE_ARCH = YES;
				SDKROOT = appletvos;
				SWIFT_OPTIMIZATION_LEVEL = "-Onone";
				TARGETED_DEVICE_FAMILY = 3;
				TVOS_DEPLOYMENT_TARGET = 9.0;
			};
			name = Debug;
		};
		885C74941BC9648F009E670E /* Release */ = {
			isa = XCBuildConfiguration;
			buildSettings = {
				ALWAYS_SEARCH_USER_PATHS = NO;
				CLANG_CXX_LANGUAGE_STANDARD = "gnu++0x";
				CLANG_CXX_LIBRARY = "libc++";
				CLANG_ENABLE_MODULES = YES;
				CLANG_ENABLE_OBJC_ARC = YES;
				CLANG_WARN_BOOL_CONVERSION = YES;
				CLANG_WARN_CONSTANT_CONVERSION = YES;
				CLANG_WARN_DIRECT_OBJC_ISA_USAGE = YES_ERROR;
				CLANG_WARN_EMPTY_BODY = YES;
				CLANG_WARN_ENUM_CONVERSION = YES;
				CLANG_WARN_INT_CONVERSION = YES;
				CLANG_WARN_OBJC_ROOT_CLASS = YES_ERROR;
				CLANG_WARN_UNREACHABLE_CODE = YES;
				CLANG_WARN__DUPLICATE_METHOD_MATCH = YES;
				COPY_PHASE_STRIP = NO;
				DEBUG_INFORMATION_FORMAT = "dwarf-with-dsym";
				ENABLE_NS_ASSERTIONS = NO;
				ENABLE_STRICT_OBJC_MSGSEND = YES;
				GCC_C_LANGUAGE_STANDARD = gnu99;
				GCC_NO_COMMON_BLOCKS = YES;
				GCC_WARN_64_TO_32_BIT_CONVERSION = YES;
				GCC_WARN_ABOUT_RETURN_TYPE = YES_ERROR;
				GCC_WARN_UNDECLARED_SELECTOR = YES;
				GCC_WARN_UNINITIALIZED_AUTOS = YES_AGGRESSIVE;
				GCC_WARN_UNUSED_FUNCTION = YES;
				GCC_WARN_UNUSED_VARIABLE = YES;
				MTL_ENABLE_DEBUG_INFO = NO;
				SDKROOT = appletvos;
				TARGETED_DEVICE_FAMILY = 3;
				TVOS_DEPLOYMENT_TARGET = 9.0;
				VALIDATE_PRODUCT = YES;
			};
			name = Release;
		};
		885C74961BC9648F009E670E /* Debug */ = {
			isa = XCBuildConfiguration;
			buildSettings = {
				ASSETCATALOG_COMPILER_APPICON_NAME = "App Icon & Top Shelf Image";
				ASSETCATALOG_COMPILER_LAUNCHIMAGE_NAME = LaunchImage;
				CODE_SIGN_IDENTITY = "iPhone Developer";
				"CODE_SIGN_IDENTITY[sdk=appletvos*]" = "iPhone Developer";
				INFOPLIST_FILE = testTVOS/Info.plist;
				LD_RUNPATH_SEARCH_PATHS = "$(inherited) @executable_path/Frameworks";
				PRODUCT_BUNDLE_IDENTIFIER = com.scasella.LiveStocks;
				PRODUCT_NAME = LiveStocks.temp_caseinsensitive_rename;
				PROVISIONING_PROFILE = "";
			};
			name = Debug;
		};
		885C74971BC9648F009E670E /* Release */ = {
			isa = XCBuildConfiguration;
			buildSettings = {
				ASSETCATALOG_COMPILER_APPICON_NAME = "App Icon & Top Shelf Image";
				ASSETCATALOG_COMPILER_LAUNCHIMAGE_NAME = LaunchImage;
				CODE_SIGN_IDENTITY = "iPhone Developer";
				"CODE_SIGN_IDENTITY[sdk=appletvos*]" = "iPhone Developer";
				INFOPLIST_FILE = testTVOS/Info.plist;
				LD_RUNPATH_SEARCH_PATHS = "$(inherited) @executable_path/Frameworks";
				PRODUCT_BUNDLE_IDENTIFIER = com.scasella.LiveStocks;
				PRODUCT_NAME = LiveStocks.temp_caseinsensitive_rename;
				PROVISIONING_PROFILE = "";
			};
			name = Release;
		};
/* End XCBuildConfiguration section */

/* Begin XCConfigurationList section */
		885C74811BC9648F009E670E /* Build configuration list for PBXProject "LiveStocks" */ = {
			isa = XCConfigurationList;
			buildConfigurations = (
				885C74931BC9648F009E670E /* Debug */,
				885C74941BC9648F009E670E /* Release */,
			);
			defaultConfigurationIsVisible = 0;
			defaultConfigurationName = Release;
		};
		885C74951BC9648F009E670E /* Build configuration list for PBXNativeTarget "LiveStocks" */ = {
			isa = XCConfigurationList;
			buildConfigurations = (
				885C74961BC9648F009E670E /* Debug */,
				885C74971BC9648F009E670E /* Release */,
			);
			defaultConfigurationIsVisible = 0;
			defaultConfigurationName = Release;
		};
/* End XCConfigurationList section */
	};
	rootObject = 885C747E1BC9648F009E670E /* Project object */;
}
